
Microsoft Visual Studio Solution File, Format Version 12.00
# Visual Studio Version 16
VisualStudioVersion = 16.0.31624.102
MinimumVisualStudioVersion = 10.0.40219.1
Project("{FAE04EC0-301F-11D3-BF4B-00C04F79EFBC}") = "CoreOAIPexam", "CoreOAIPexam\CoreOAIPexam.csproj", "{98E88AFC-DE35-4368-B3C8-13596EFCA2DD}"
EndProject
Project("{9A19103F-16F7-4668-BE54-9A1E7A4F7556}") = "AudiAPI", "AudiAPI\AudiAPI.csproj", "{BCE5B8AC-74F7-45E9-9715-A5E3835364EF}"
EndProject
Project("{FAE04EC0-301F-11D3-BF4B-00C04F79EFBC}") = "AudiWeb", "AudiWeb\AudiWeb.csproj", "{51E291BB-0391-4DF4-9D66-D215206B2EBA}"
EndProject
Project("{9A19103F-16F7-4668-BE54-9A1E7A4F7556}") = "AUdi", "..\Audi_Prohhhh\RDS GP App\AUdi.csproj", "{B35DC106-E00A-4DAA-844C-0D93D7467BBB}"
EndProject
Global
	GlobalSection(SolutionConfigurationPlatforms) = preSolution
		Debug|Any CPU = Debug|Any CPU
		Release|Any CPU = Release|Any CPU
	EndGlobalSection
	GlobalSection(ProjectConfigurationPlatforms) = postSolution
		{98E88AFC-DE35-4368-B3C8-13596EFCA2DD}.Debug|Any CPU.ActiveCfg = Debug|Any CPU
		{98E88AFC-DE35-4368-B3C8-13596EFCA2DD}.Debug|Any CPU.Build.0 = Debug|Any CPU
		{98E88AFC-DE35-4368-B3C8-13596EFCA2DD}.Release|Any CPU.ActiveCfg = Release|Any CPU
		{98E88AFC-DE35-4368-B3C8-13596EFCA2DD}.Release|Any CPU.Build.0 = Release|Any CPU
		{BCE5B8AC-74F7-45E9-9715-A5E3835364EF}.Debug|Any CPU.ActiveCfg = Debug|Any CPU
		{BCE5B8AC-74F7-45E9-9715-A5E3835364EF}.Debug|Any CPU.Build.0 = Debug|Any CPU
		{BCE5B8AC-74F7-45E9-9715-A5E3835364EF}.Release|Any CPU.ActiveCfg = Release|Any CPU
		{BCE5B8AC-74F7-45E9-9715-A5E3835364EF}.Release|Any CPU.Build.0 = Release|Any CPU
		{51E291BB-0391-4DF4-9D66-D215206B2EBA}.Debug|Any CPU.ActiveCfg = Debug|Any CPU
		{51E291BB-0391-4DF4-9D66-D215206B2EBA}.Debug|Any CPU.Build.0 = Debug|Any CPU
		{51E291BB-0391-4DF4-9D66-D215206B2EBA}.Release|Any CPU.ActiveCfg = Release|Any CPU
		{51E291BB-0391-4DF4-9D66-D215206B2EBA}.Release|Any CPU.Build.0 = Release|Any CPU
		{B35DC106-E00A-4DAA-844C-0D93D7467BBB}.Debug|Any CPU.ActiveCfg = Debug|Any CPU
		{B35DC106-E00A-4DAA-844C-0D93D7467BBB}.Debug|Any CPU.Build.0 = Debug|Any CPU
		{B35DC106-E00A-4DAA-844C-0D93D7467BBB}.Release|Any CPU.ActiveCfg = Release|Any CPU
		{B35DC106-E00A-4DAA-844C-0D93D7467BBB}.Release|Any CPU.Build.0 = Release|Any CPU
	EndGlobalSection
	GlobalSection(SolutionProperties) = preSolution
		HideSolutionNode = FALSE
	EndGlobalSection
	GlobalSection(ExtensibilityGlobals) = postSolution
		SolutionGuid = {3A604CF6-6F34-4148-9AF9-3210B3E762DA}
	EndGlobalSection
EndGlobal
